
Microsoft Visual Studio Solution File, Format Version 12.00
# Visual Studio Version 16
VisualStudioVersion = 16.0.31410.357
MinimumVisualStudioVersion = 10.0.40219.1
Project("{FAE04EC0-301F-11D3-BF4B-00C04F79EFBC}") = "Turboeat_ApplicationLourde", "Turboeat_ApplicationLourde.csproj", "{7EE45261-A322-455E-8E07-A6C06809A13C}"
EndProject
Global
	GlobalSection(SolutionConfigurationPlatforms) = preSolution
		Debug|Any CPU = Debug|Any CPU
		Release|Any CPU = Release|Any CPU
	EndGlobalSection
	GlobalSection(ProjectConfigurationPlatforms) = postSolution
		{7EE45261-A322-455E-8E07-A6C06809A13C}.Debug|Any CPU.ActiveCfg = Debug|Any CPU
		{7EE45261-A322-455E-8E07-A6C06809A13C}.Debug|Any CPU.Build.0 = Debug|Any CPU
		{7EE45261-A322-455E-8E07-A6C06809A13C}.Release|Any CPU.ActiveCfg = Release|Any CPU
		{7EE45261-A322-455E-8E07-A6C06809A13C}.Release|Any CPU.Build.0 = Release|Any CPU
	EndGlobalSection
	GlobalSection(SolutionProperties) = preSolution
		HideSolutionNode = FALSE
	EndGlobalSection
	GlobalSection(ExtensibilityGlobals) = postSolution
		SolutionGuid = {15FE0CF4-FC7B-4550-94ED-262320C4C390}
	EndGlobalSection
EndGlobal
